// !$*UTF8*$!
{
	archiveVersion = 1;
	classes = {
	};
	objectVersion = 46;
	objects = {

/* Begin PBXBuildFile section */
		5919CC981DD0071400A4282C /* main.m in Sources */ = {isa = PBXBuildFile; fileRef = 5919CC971DD0071400A4282C /* main.m */; };
		5919CC9B1DD0071400A4282C /* AppDelegate.m in Sources */ = {isa = PBXBuildFile; fileRef = 5919CC9A1DD0071400A4282C /* AppDelegate.m */; };
		5919CC9E1DD0071400A4282C /* ViewController.m in Sources */ = {isa = PBXBuildFile; fileRef = 5919CC9D1DD0071400A4282C /* ViewController.m */; };
		5919CCA11DD0071400A4282C /* Main.storyboard in Resources */ = {isa = PBXBuildFile; fileRef = 5919CC9F1DD0071400A4282C /* Main.storyboard */; };
		5919CCA31DD0071400A4282C /* Assets.xcassets in Resources */ = {isa = PBXBuildFile; fileRef = 5919CCA21DD0071400A4282C /* Assets.xcassets */; };
		5919CCA61DD0071400A4282C /* LaunchScreen.storyboard in Resources */ = {isa = PBXBuildFile; fileRef = 5919CCA41DD0071400A4282C /* LaunchScreen.storyboard */; };
		5919CCB11DD0071400A4282C /* SCTextViewTests.m in Sources */ = {isa = PBXBuildFile; fileRef = 5919CCB01DD0071400A4282C /* SCTextViewTests.m */; };
		5919CCBC1DD0071400A4282C /* SCTextViewUITests.m in Sources */ = {isa = PBXBuildFile; fileRef = 5919CCBB1DD0071400A4282C /* SCTextViewUITests.m */; };
		5919CCCC1DD0074600A4282C /* SCTextView.m in Sources */ = {isa = PBXBuildFile; fileRef = 5919CCCB1DD0074600A4282C /* SCTextView.m */; };
/* End PBXBuildFile section */

/* Begin PBXContainerItemProxy section */
		5919CCAD1DD0071400A4282C /* PBXContainerItemProxy */ = {
			isa = PBXContainerItemProxy;
			containerPortal = 5919CC8B1DD0071400A4282C /* Project object */;
			proxyType = 1;
			remoteGlobalIDString = 5919CC921DD0071400A4282C;
			remoteInfo = SCTextView;
		};
		5919CCB81DD0071400A4282C /* PBXContainerItemProxy */ = {
			isa = PBXContainerItemProxy;
			containerPortal = 5919CC8B1DD0071400A4282C /* Project object */;
			proxyType = 1;
			remoteGlobalIDString = 5919CC921DD0071400A4282C;
			remoteInfo = SCTextView;
		};
/* End PBXContainerItemProxy section */

/* Begin PBXFileReference section */
		5919CC931DD0071400A4282C /* SCTextView.app */ = {isa = PBXFileReference; explicitFileType = wrapper.application; includeInIndex = 0; path = SCTextView.app; sourceTree = BUILT_PRODUCTS_DIR; };
		5919CC971DD0071400A4282C /* main.m */ = {isa = PBXFileReference; lastKnownFileType = sourcecode.c.objc; path = main.m; sourceTree = "<group>"; };
		5919CC991DD0071400A4282C /* AppDelegate.h */ = {isa = PBXFileReference; lastKnownFileType = sourcecode.c.h; path = AppDelegate.h; sourceTree = "<group>"; };
		5919CC9A1DD0071400A4282C /* AppDelegate.m */ = {isa = PBXFileReference; lastKnownFileType = sourcecode.c.objc; path = AppDelegate.m; sourceTree = "<group>"; };
		5919CC9C1DD0071400A4282C /* ViewController.h */ = {isa = PBXFileReference; lastKnownFileType = sourcecode.c.h; path = ViewController.h; sourceTree = "<group>"; };
		5919CC9D1DD0071400A4282C /* ViewController.m */ = {isa = PBXFileReference; lastKnownFileType = sourcecode.c.objc; path = ViewController.m; sourceTree = "<group>"; };
		5919CCA01DD0071400A4282C /* Base */ = {isa = PBXFileReference; lastKnownFileType = file.storyboard; name = Base; path = Base.lproj/Main.storyboard; sourceTree = "<group>"; };
		5919CCA21DD0071400A4282C /* Assets.xcassets */ = {isa = PBXFileReference; lastKnownFileType = folder.assetcatalog; path = Assets.xcassets; sourceTree = "<group>"; };
		5919CCA51DD0071400A4282C /* Base */ = {isa = PBXFileReference; lastKnownFileType = file.storyboard; name = Base; path = Base.lproj/LaunchScreen.storyboard; sourceTree = "<group>"; };
		5919CCA71DD0071400A4282C /* Info.plist */ = {isa = PBXFileReference; lastKnownFileType = text.plist.xml; path = Info.plist; sourceTree = "<group>"; };
		5919CCAC1DD0071400A4282C /* SCTextViewTests.xctest */ = {isa = PBXFileReference; explicitFileType = wrapper.cfbundle; includeInIndex = 0; path = SCTextViewTests.xctest; sourceTree = BUILT_PRODUCTS_DIR; };
		5919CCB01DD0071400A4282C /* SCTextViewTests.m */ = {isa = PBXFileReference; lastKnownFileType = sourcecode.c.objc; path = SCTextViewTests.m; sourceTree = "<group>"; };
		5919CCB21DD0071400A4282C /* Info.plist */ = {isa = PBXFileReference; lastKnownFileType = text.plist.xml; path = Info.plist; sourceTree = "<group>"; };
		5919CCB71DD0071400A4282C /* SCTextViewUITests.xctest */ = {isa = PBXFileReference; explicitFileType = wrapper.cfbundle; includeInIndex = 0; path = SCTextViewUITests.xctest; sourceTree = BUILT_PRODUCTS_DIR; };
		5919CCBB1DD0071400A4282C /* SCTextViewUITests.m */ = {isa = PBXFileReference; lastKnownFileType = sourcecode.c.objc; path = SCTextViewUITests.m; sourceTree = "<group>"; };
		5919CCBD1DD0071400A4282C /* Info.plist */ = {isa = PBXFileReference; lastKnownFileType = text.plist.xml; path = Info.plist; sourceTree = "<group>"; };
		5919CCCA1DD0074600A4282C /* SCTextView.h */ = {isa = PBXFileReference; fileEncoding = 4; lastKnownFileType = sourcecode.c.h; path = SCTextView.h; sourceTree = "<group>"; };
		5919CCCB1DD0074600A4282C /* SCTextView.m */ = {isa = PBXFileReference; fileEncoding = 4; lastKnownFileType = sourcecode.c.objc; path = SCTextView.m; sourceTree = "<group>"; };
/* End PBXFileReference section */

/* Begin PBXFrameworksBuildPhase section */
		5919CC901DD0071400A4282C /* Frameworks */ = {
			isa = PBXFrameworksBuildPhase;
			buildActionMask = 2147483647;
			files = (
			);
			runOnlyForDeploymentPostprocessing = 0;
		};
		5919CCA91DD0071400A4282C /* Frameworks */ = {
			isa = PBXFrameworksBuildPhase;
			buildActionMask = 2147483647;
			files = (
			);
			runOnlyForDeploymentPostprocessing = 0;
		};
		5919CCB41DD0071400A4282C /* Frameworks */ = {
			isa = PBXFrameworksBuildPhase;
			buildActionMask = 2147483647;
			files = (
			);
			runOnlyForDeploymentPostprocessing = 0;
		};
/* End PBXFrameworksBuildPhase section */

/* Begin PBXGroup section */
		5919CC8A1DD0071400A4282C = {
			isa = PBXGroup;
			children = (
				5919CC951DD0071400A4282C /* SCTextView */,
				5919CCAF1DD0071400A4282C /* SCTextViewTests */,
				5919CCBA1DD0071400A4282C /* SCTextViewUITests */,
				5919CC941DD0071400A4282C /* Products */,
			);
			sourceTree = "<group>";
		};
		5919CC941DD0071400A4282C /* Products */ = {
			isa = PBXGroup;
			children = (
				5919CC931DD0071400A4282C /* SCTextView.app */,
				5919CCAC1DD0071400A4282C /* SCTextViewTests.xctest */,
				5919CCB71DD0071400A4282C /* SCTextViewUITests.xctest */,
			);
			name = Products;
			sourceTree = "<group>";
		};
		5919CC951DD0071400A4282C /* SCTextView */ = {
			isa = PBXGroup;
			children = (
				5919CCC91DD0074600A4282C /* Source */,
				5919CC991DD0071400A4282C /* AppDelegate.h */,
				5919CC9A1DD0071400A4282C /* AppDelegate.m */,
				5919CC9C1DD0071400A4282C /* ViewController.h */,
				5919CC9D1DD0071400A4282C /* ViewController.m */,
				5919CC9F1DD0071400A4282C /* Main.storyboard */,
				5919CCA21DD0071400A4282C /* Assets.xcassets */,
				5919CCA41DD0071400A4282C /* LaunchScreen.storyboard */,
				5919CCA71DD0071400A4282C /* Info.plist */,
				5919CC961DD0071400A4282C /* Supporting Files */,
			);
			path = SCTextView;
			sourceTree = "<group>";
		};
		5919CC961DD0071400A4282C /* Supporting Files */ = {
			isa = PBXGroup;
			children = (
				5919CC971DD0071400A4282C /* main.m */,
			);
			name = "Supporting Files";
			sourceTree = "<group>";
		};
		5919CCAF1DD0071400A4282C /* SCTextViewTests */ = {
			isa = PBXGroup;
			children = (
				5919CCB01DD0071400A4282C /* SCTextViewTests.m */,
				5919CCB21DD0071400A4282C /* Info.plist */,
			);
			path = SCTextViewTests;
			sourceTree = "<group>";
		};
		5919CCBA1DD0071400A4282C /* SCTextViewUITests */ = {
			isa = PBXGroup;
			children = (
				5919CCBB1DD0071400A4282C /* SCTextViewUITests.m */,
				5919CCBD1DD0071400A4282C /* Info.plist */,
			);
			path = SCTextViewUITests;
			sourceTree = "<group>";
		};
		5919CCC91DD0074600A4282C /* Source */ = {
			isa = PBXGroup;
			children = (
				5919CCCA1DD0074600A4282C /* SCTextView.h */,
				5919CCCB1DD0074600A4282C /* SCTextView.m */,
			);
			path = Source;
			sourceTree = "<group>";
		};
/* End PBXGroup section */

/* Begin PBXNativeTarget section */
		5919CC921DD0071400A4282C /* SCTextView */ = {
			isa = PBXNativeTarget;
			buildConfigurationList = 5919CCC01DD0071400A4282C /* Build configuration list for PBXNativeTarget "SCTextView" */;
			buildPhases = (
				5919CC8F1DD0071400A4282C /* Sources */,
				5919CC901DD0071400A4282C /* Frameworks */,
				5919CC911DD0071400A4282C /* Resources */,
			);
			buildRules = (
			);
			dependencies = (
			);
			name = SCTextView;
			productName = SCTextView;
			productReference = 5919CC931DD0071400A4282C /* SCTextView.app */;
			productType = "com.apple.product-type.application";
		};
		5919CCAB1DD0071400A4282C /* SCTextViewTests */ = {
			isa = PBXNativeTarget;
			buildConfigurationList = 5919CCC31DD0071400A4282C /* Build configuration list for PBXNativeTarget "SCTextViewTests" */;
			buildPhases = (
				5919CCA81DD0071400A4282C /* Sources */,
				5919CCA91DD0071400A4282C /* Frameworks */,
				5919CCAA1DD0071400A4282C /* Resources */,
			);
			buildRules = (
			);
			dependencies = (
				5919CCAE1DD0071400A4282C /* PBXTargetDependency */,
			);
			name = SCTextViewTests;
			productName = SCTextViewTests;
			productReference = 5919CCAC1DD0071400A4282C /* SCTextViewTests.xctest */;
			productType = "com.apple.product-type.bundle.unit-test";
		};
		5919CCB61DD0071400A4282C /* SCTextViewUITests */ = {
			isa = PBXNativeTarget;
			buildConfigurationList = 5919CCC61DD0071400A4282C /* Build configuration list for PBXNativeTarget "SCTextViewUITests" */;
			buildPhases = (
				5919CCB31DD0071400A4282C /* Sources */,
				5919CCB41DD0071400A4282C /* Frameworks */,
				5919CCB51DD0071400A4282C /* Resources */,
			);
			buildRules = (
			);
			dependencies = (
				5919CCB91DD0071400A4282C /* PBXTargetDependency */,
			);
			name = SCTextViewUITests;
			productName = SCTextViewUITests;
			productReference = 5919CCB71DD0071400A4282C /* SCTextViewUITests.xctest */;
			productType = "com.apple.product-type.bundle.ui-testing";
		};
/* End PBXNativeTarget section */

/* Begin PBXProject section */
		5919CC8B1DD0071400A4282C /* Project object */ = {
			isa = PBXProject;
			attributes = {
				LastUpgradeCheck = 0730;
				ORGANIZATIONNAME = DMS;
				TargetAttributes = {
					5919CC921DD0071400A4282C = {
						CreatedOnToolsVersion = 7.3.1;
					};
					5919CCAB1DD0071400A4282C = {
						CreatedOnToolsVersion = 7.3.1;
						TestTargetID = 5919CC921DD0071400A4282C;
					};
					5919CCB61DD0071400A4282C = {
						CreatedOnToolsVersion = 7.3.1;
						TestTargetID = 5919CC921DD0071400A4282C;
					};
				};
			};
			buildConfigurationList = 5919CC8E1DD0071400A4282C /* Build configuration list for PBXProject "SCTextView" */;
			compatibilityVersion = "Xcode 3.2";
			developmentRegion = English;
			hasScannedForEncodings = 0;
			knownRegions = (
				en,
				Base,
			);
			mainGroup = 5919CC8A1DD0071400A4282C;
			productRefGroup = 5919CC941DD0071400A4282C /* Products */;
			projectDirPath = "";
			projectRoot = "";
			targets = (
				5919CC921DD0071400A4282C /* SCTextView */,
				5919CCAB1DD0071400A4282C /* SCTextViewTests */,
				5919CCB61DD0071400A4282C /* SCTextViewUITests */,
			);
		};
/* End PBXProject section */

/* Begin PBXResourcesBuildPhase section */
		5919CC911DD0071400A4282C /* Resources */ = {
			isa = PBXResourcesBuildPhase;
			buildActionMask = 2147483647;
			files = (
				5919CCA61DD0071400A4282C /* LaunchScreen.storyboard in Resources */,
				5919CCA31DD0071400A4282C /* Assets.xcassets in Resources */,
				5919CCA11DD0071400A4282C /* Main.storyboard in Resources */,
			);
			runOnlyForDeploymentPostprocessing = 0;
		};
		5919CCAA1DD0071400A4282C /* Resources */ = {
			isa = PBXResourcesBuildPhase;
			buildActionMask = 2147483647;
			files = (
			);
			runOnlyForDeploymentPostprocessing = 0;
		};
		5919CCB51DD0071400A4282C /* Resources */ = {
			isa = PBXResourcesBuildPhase;
			buildActionMask = 2147483647;
			files = (
			);
			runOnlyForDeploymentPostprocessing = 0;
		};
/* End PBXResourcesBuildPhase section */

/* Begin PBXSourcesBuildPhase section */
		5919CC8F1DD0071400A4282C /* Sources */ = {
			isa = PBXSourcesBuildPhase;
			buildActionMask = 2147483647;
			files = (
				5919CC9E1DD0071400A4282C /* ViewController.m in Sources */,
				5919CC9B1DD0071400A4282C /* AppDelegate.m in Sources */,
				5919CC981DD0071400A4282C /* main.m in Sources */,
				5919CCCC1DD0074600A4282C /* SCTextView.m in Sources */,
			);
			runOnlyForDeploymentPostprocessing = 0;
		};
		5919CCA81DD0071400A4282C /* Sources */ = {
			isa = PBXSourcesBuildPhase;
			buildActionMask = 2147483647;
			files = (
				5919CCB11DD0071400A4282C /* SCTextViewTests.m in Sources */,
			);
			runOnlyForDeploymentPostprocessing = 0;
		};
		5919CCB31DD0071400A4282C /* Sources */ = {
			isa = PBXSourcesBuildPhase;
			buildActionMask = 2147483647;
			files = (
				5919CCBC1DD0071400A4282C /* SCTextViewUITests.m in Sources */,
			);
			runOnlyForDeploymentPostprocessing = 0;
		};
/* End PBXSourcesBuildPhase section */

/* Begin PBXTargetDependency section */
		5919CCAE1DD0071400A4282C /* PBXTargetDependency */ = {
			isa = PBXTargetDependency;
			target = 5919CC921DD0071400A4282C /* SCTextView */;
			targetProxy = 5919CCAD1DD0071400A4282C /* PBXContainerItemProxy */;
		};
		5919CCB91DD0071400A4282C /* PBXTargetDependency */ = {
			isa = PBXTargetDependency;
			target = 5919CC921DD0071400A4282C /* SCTextView */;
			targetProxy = 5919CCB81DD0071400A4282C /* PBXContainerItemProxy */;
		};
/* End PBXTargetDependency section */

/* Begin PBXVariantGroup section */
		5919CC9F1DD0071400A4282C /* Main.storyboard */ = {
			isa = PBXVariantGroup;
			children = (
				5919CCA01DD0071400A4282C /* Base */,
			);
			name = Main.storyboard;
			sourceTree = "<group>";
		};
		5919CCA41DD0071400A4282C /* LaunchScreen.storyboard */ = {
			isa = PBXVariantGroup;
			children = (
				5919CCA51DD0071400A4282C /* Base */,
			);
			name = LaunchScreen.storyboard;
			sourceTree = "<group>";
		};
/* End PBXVariantGroup section */

/* Begin XCBuildConfiguration section */
		5919CCBE1DD0071400A4282C /* Debug */ = {
			isa = XCBuildConfiguration;
			buildSettings = {
				ALWAYS_SEARCH_USER_PATHS = NO;
				CLANG_ANALYZER_NONNULL = YES;
				CLANG_CXX_LANGUAGE_STANDARD = "gnu++0x";
				CLANG_CXX_LIBRARY = "libc++";
				CLANG_ENABLE_MODULES = YES;
				CLANG_ENABLE_OBJC_ARC = YES;
				CLANG_WARN_BOOL_CONVERSION = YES;
				CLANG_WARN_CONSTANT_CONVERSION = YES;
				CLANG_WARN_DIRECT_OBJC_ISA_USAGE = YES_ERROR;
				CLANG_WARN_EMPTY_BODY = YES;
				CLANG_WARN_ENUM_CONVERSION = YES;
				CLANG_WARN_INT_CONVERSION = YES;
				CLANG_WARN_OBJC_ROOT_CLASS = YES_ERROR;
				CLANG_WARN_UNREACHABLE_CODE = YES;
				CLANG_WARN__DUPLICATE_METHOD_MATCH = YES;
				"CODE_SIGN_IDENTITY[sdk=iphoneos*]" = "iPhone Developer";
				COPY_PHASE_STRIP = NO;
				DEBUG_INFORMATION_FORMAT = dwarf;
				ENABLE_STRICT_OBJC_MSGSEND = YES;
				ENABLE_TESTABILITY = YES;
				GCC_C_LANGUAGE_STANDARD = gnu99;
				GCC_DYNAMIC_NO_PIC = NO;
				GCC_NO_COMMON_BLOCKS = YES;
				GCC_OPTIMIZATION_LEVEL = 0;
				GCC_PREPROCESSOR_DEFINITIONS = (
					"DEBUG=1",
					"$(inherited)",
				);
				GCC_WARN_64_TO_32_BIT_CONVERSION = YES;
				GCC_WARN_ABOUT_RETURN_TYPE = YES_ERROR;
				GCC_WARN_UNDECLARED_SELECTOR = YES;
				GCC_WARN_UNINITIALIZED_AUTOS = YES_AGGRESSIVE;
				GCC_WARN_UNUSED_FUNCTION = YES;
				GCC_WARN_UNUSED_VARIABLE = YES;
				IPHONEOS_DEPLOYMENT_TARGET = 9.3;
				MTL_ENABLE_DEBUG_INFO = YES;
				ONLY_ACTIVE_ARCH = YES;
				SDKROOT = iphoneos;
			};
			name = Debug;
		};
		5919CCBF1DD0071400A4282C /* Release */ = {
			isa = XCBuildConfiguration;
			buildSettings = {
				ALWAYS_SEARCH_USER_PATHS = NO;
				CLANG_ANALYZER_NONNULL = YES;
				CLANG_CXX_LANGUAGE_STANDARD = "gnu++0x";
				CLANG_CXX_LIBRARY = "libc++";
				CLANG_ENABLE_MODULES = YES;
				CLANG_ENABLE_OBJC_ARC = YES;
				CLANG_WARN_BOOL_CONVERSION = YES;
				CLANG_WARN_CONSTANT_CONVERSION = YES;
				CLANG_WARN_DIRECT_OBJC_ISA_USAGE = YES_ERROR;
				CLANG_WARN_EMPTY_BODY = YES;
				CLANG_WARN_ENUM_CONVERSION = YES;
				CLANG_WARN_INT_CONVERSION = YES;
				CLANG_WARN_OBJC_ROOT_CLASS = YES_ERROR;
				CLANG_WARN_UNREACHABLE_CODE = YES;
				CLANG_WARN__DUPLICATE_METHOD_MATCH = YES;
				"CODE_SIGN_IDENTITY[sdk=iphoneos*]" = "iPhone Developer";
				COPY_PHASE_STRIP = NO;
				DEBUG_INFORMATION_FORMAT = "dwarf-with-dsym";
				ENABLE_NS_ASSERTIONS = NO;
				ENABLE_STRICT_OBJC_MSGSEND = YES;
				GCC_C_LANGUAGE_STANDARD = gnu99;
				GCC_NO_COMMON_BLOCKS = YES;
				GCC_WARN_64_TO_32_BIT_CONVERSION = YES;
				GCC_WARN_ABOUT_RETURN_TYPE = YES_ERROR;
				GCC_WARN_UNDECLARED_SELECTOR = YES;
				GCC_WARN_UNINITIALIZED_AUTOS = YES_AGGRESSIVE;
				GCC_WARN_UNUSED_FUNCTION = YES;
				GCC_WARN_UNUSED_VARIABLE = YES;
				IPHONEOS_DEPLOYMENT_TARGET = 9.3;
				MTL_ENABLE_DEBUG_INFO = NO;
				SDKROOT = iphoneos;
				VALIDATE_PRODUCT = YES;
			};
			name = Release;
		};
		5919CCC11DD0071400A4282C /* Debug */ = {
			isa = XCBuildConfiguration;
			buildSettings = {
				ASSETCATALOG_COMPILER_APPICON_NAME = AppIcon;
				INFOPLIST_FILE = SCTextView/Info.plist;
				LD_RUNPATH_SEARCH_PATHS = "$(inherited) @executable_path/Frameworks";
				PRODUCT_BUNDLE_IDENTIFIER = tsct;
				PRODUCT_NAME = "$(TARGET_NAME)";
			};
			name = Debug;
		};
		5919CCC21DD0071400A4282C /* Release */ = {
			isa = XCBuildConfiguration;
			buildSettings = {
				ASSETCATALOG_COMPILER_APPICON_NAME = AppIcon;
				INFOPLIST_FILE = SCTextView/Info.plist;
				LD_RUNPATH_SEARCH_PATHS = "$(inherited) @executable_path/Frameworks";
				PRODUCT_BUNDLE_IDENTIFIER = tsct;
				PRODUCT_NAME = "$(TARGET_NAME)";
			};
			name = Release;
		};
		5919CCC41DD0071400A4282C /* Debug */ = {
			isa = XCBuildConfiguration;
			buildSettings = {
				BUNDLE_LOADER = "$(TEST_HOST)";
				INFOPLIST_FILE = SCTextViewTests/Info.plist;
				LD_RUNPATH_SEARCH_PATHS = "$(inherited) @executable_path/Frameworks @loader_path/Frameworks";
				PRODUCT_BUNDLE_IDENTIFIER = DMS.SCTextViewTests;
				PRODUCT_NAME = "$(TARGET_NAME)";
				TEST_HOST = "$(BUILT_PRODUCTS_DIR)/SCTextView.app/SCTextView";
			};
			name = Debug;
		};
		5919CCC51DD0071400A4282C /* Release */ = {
			isa = XCBuildConfiguration;
			buildSettings = {
				BUNDLE_LOADER = "$(TEST_HOST)";
				INFOPLIST_FILE = SCTextViewTests/Info.plist;
				LD_RUNPATH_SEARCH_PATHS = "$(inherited) @executable_path/Frameworks @loader_path/Frameworks";
				PRODUCT_BUNDLE_IDENTIFIER = DMS.SCTextViewTests;
				PRODUCT_NAME = "$(TARGET_NAME)";
				TEST_HOST = "$(BUILT_PRODUCTS_DIR)/SCTextView.app/SCTextView";
			};
			name = Release;
		};
		5919CCC71DD0071400A4282C /* Debug */ = {
			isa = XCBuildConfiguration;
			buildSettings = {
				INFOPLIST_FILE = SCTextViewUITests/Info.plist;
				LD_RUNPATH_SEARCH_PATHS = "$(inherited) @executable_path/Frameworks @loader_path/Frameworks";
				PRODUCT_BUNDLE_IDENTIFIER = DMS.SCTextViewUITests;
				PRODUCT_NAME = "$(TARGET_NAME)";
				TEST_TARGET_NAME = SCTextView;
			};
			name = Debug;
		};
		5919CCC81DD0071400A4282C /* Release */ = {
			isa = XCBuildConfiguration;
			buildSettings = {
				INFOPLIST_FILE = SCTextViewUITests/Info.plist;
				LD_RUNPATH_SEARCH_PATHS = "$(inherited) @executable_path/Frameworks @loader_path/Frameworks";
				PRODUCT_BUNDLE_IDENTIFIER = DMS.SCTextViewUITests;
				PRODUCT_NAME = "$(TARGET_NAME)";
				TEST_TARGET_NAME = SCTextView;
			};
			name = Release;
		};
/* End XCBuildConfiguration section */

/* Begin XCConfigurationList section */
		5919CC8E1DD0071400A4282C /* Build configuration list for PBXProject "SCTextView" */ = {
			isa = XCConfigurationList;
			buildConfigurations = (
				5919CCBE1DD0071400A4282C /* Debug */,
				5919CCBF1DD0071400A4282C /* Release */,
			);
			defaultConfigurationIsVisible = 0;
			defaultConfigurationName = Release;
		};
		5919CCC01DD0071400A4282C /* Build configuration list for PBXNativeTarget "SCTextView" */ = {
			isa = XCConfigurationList;
			buildConfigurations = (
				5919CCC11DD0071400A4282C /* Debug */,
				5919CCC21DD0071400A4282C /* Release */,
			);
			defaultConfigurationIsVisible = 0;
		};
		5919CCC31DD0071400A4282C /* Build configuration list for PBXNativeTarget "SCTextViewTests" */ = {
			isa = XCConfigurationList;
			buildConfigurations = (
				5919CCC41DD0071400A4282C /* Debug */,
				5919CCC51DD0071400A4282C /* Release */,
			);
			defaultConfigurationIsVisible = 0;
		};
		5919CCC61DD0071400A4282C /* Build configuration list for PBXNativeTarget "SCTextViewUITests" */ = {
			isa = XCConfigurationList;
			buildConfigurations = (
				5919CCC71DD0071400A4282C /* Debug */,
				5919CCC81DD0071400A4282C /* Release */,
			);
			defaultConfigurationIsVisible = 0;
		};
/* End XCConfigurationList section */
	};
	rootObject = 5919CC8B1DD0071400A4282C /* Project object */;
}
